{
  "requires": true,
  "lockfileVersion": 1,
  "dependencies": {
    "eventemitter3": {
      "version": "3.1.2",
      "resolved": "https://registry.npmjs.org/eventemitter3/-/eventemitter3-3.1.2.tgz",
      "integrity": "sha512-tvtQIeLVHjDkJYnzf2dgVMxfuSGJeM/7UCG17TT4EumTfNtF+0nebF/4zWOIkCreAbtNqhGEboB6BWrwqNaw4Q=="
    },
    "lokijs": {
      "version": "1.5.11",
      "resolved": "https://registry.npmjs.org/lokijs/-/lokijs-1.5.11.tgz",
      "integrity": "sha512-YYyuBPxMn/oS0tFznQDbIX5XL1ltMcwFqCboDr8voYE4VCDzR5vAsrvQDhlnua4lBeqMqHmLvUXRTmRUzUKH1Q=="
    },
    "papaparse": {
      "version": "5.3.0",
      "resolved": "https://registry.npmjs.org/papaparse/-/papaparse-5.3.0.tgz",
      "integrity": "sha512-Lb7jN/4bTpiuGPrYy4tkKoUS8sTki8zacB5ke1p5zolhcSE4TlWgrlsxjrDTbG/dFVh07ck7X36hUf/b5V68pg=="
    },
    "phaser3-rex-plugins": {
      "version": "1.1.44",
      "resolved": "https://registry.npmjs.org/phaser3-rex-plugins/-/phaser3-rex-plugins-1.1.44.tgz",
      "integrity": "sha512-JPr3+UQv4+uv4etZr80aFhYxw2dk4UYG9/gQ4uMSSXQuc8gXQkXCr3J3zm8LJqH+1FXeK8nncpC7TKa4uKLgQw==",
      "requires": {
        "eventemitter3": "^3.1.2",
        "lokijs": "^1.5.11",
        "papaparse": "^5.3.0",
        "webfontloader": "^1.6.28"
      }
    },
    "webfontloader": {
      "version": "1.6.28",
      "resolved": "https://registry.npmjs.org/webfontloader/-/webfontloader-1.6.28.tgz",
      "integrity": "sha1-23hhKSU8tujq5UwvsF+HCvZnW64="
    }
  }
}
